// !$*UTF8*$!
{
	archiveVersion = 1;
	classes = {
	};
	objectVersion = 56;
	objects = {

/* Begin PBXBuildFile section */
		B26DDA452BCDF0640015C980 /* OrbitXApp.swift in Sources */ = {isa = PBXBuildFile; fileRef = B26DDA442BCDF0640015C980 /* OrbitXApp.swift */; };
		B26DDA472BCDF0640015C980 /* ContentView.swift in Sources */ = {isa = PBXBuildFile; fileRef = B26DDA462BCDF0640015C980 /* ContentView.swift */; };
		B26DDA492BCDF0660015C980 /* Assets.xcassets in Resources */ = {isa = PBXBuildFile; fileRef = B26DDA482BCDF0660015C980 /* Assets.xcassets */; };
		B26DDA4C2BCDF0660015C980 /* Preview Assets.xcassets in Resources */ = {isa = PBXBuildFile; fileRef = B26DDA4B2BCDF0660015C980 /* Preview Assets.xcassets */; };
		B26DDA542BCDF0750015C980 /* Home.swift in Sources */ = {isa = PBXBuildFile; fileRef = B26DDA532BCDF0750015C980 /* Home.swift */; };
		B26DDA592BCDF0D60015C980 /* ArticlesDataService.swift in Sources */ = {isa = PBXBuildFile; fileRef = B26DDA582BCDF0D60015C980 /* ArticlesDataService.swift */; };
		B26DDA5B2BCDF0E10015C980 /* ArticlesDataModel.swift in Sources */ = {isa = PBXBuildFile; fileRef = B26DDA5A2BCDF0E10015C980 /* ArticlesDataModel.swift */; };
		B26DDA5D2BCDF1020015C980 /* ArticlesViewModel.swift in Sources */ = {isa = PBXBuildFile; fileRef = B26DDA5C2BCDF1020015C980 /* ArticlesViewModel.swift */; };
		B26DDA602BCDF1310015C980 /* NewsView.swift in Sources */ = {isa = PBXBuildFile; fileRef = B26DDA5F2BCDF1310015C980 /* NewsView.swift */; };
		B26DDA622BCDF14A0015C980 /* DetailsView.swift in Sources */ = {isa = PBXBuildFile; fileRef = B26DDA612BCDF14A0015C980 /* DetailsView.swift */; };
		B26DDA642BCDF1580015C980 /* HeadlineImage.swift in Sources */ = {isa = PBXBuildFile; fileRef = B26DDA632BCDF1580015C980 /* HeadlineImage.swift */; };
		B26DDA672BCDF1720015C980 /* SDWebImageSwiftUI in Frameworks */ = {isa = PBXBuildFile; productRef = B26DDA662BCDF1720015C980 /* SDWebImageSwiftUI */; };
		B26DDA6A2BCDF1D10015C980 /* NetworkManager.swift in Sources */ = {isa = PBXBuildFile; fileRef = B26DDA692BCDF1D10015C980 /* NetworkManager.swift */; };
		B26DDA6C2BCDF1E20015C980 /* TimeConverter.swift in Sources */ = {isa = PBXBuildFile; fileRef = B26DDA6B2BCDF1E20015C980 /* TimeConverter.swift */; };
		B26DDA6F2BCDF3F50015C980 /* AnimationState.swift in Sources */ = {isa = PBXBuildFile; fileRef = B26DDA6E2BCDF3F50015C980 /* AnimationState.swift */; };
		B26DDA712BCDF4030015C980 /* AnimatedSideBar.swift in Sources */ = {isa = PBXBuildFile; fileRef = B26DDA702BCDF4030015C980 /* AnimatedSideBar.swift */; };
		B26DDA732BCDF41F0015C980 /* ScrollModifier.swift in Sources */ = {isa = PBXBuildFile; fileRef = B26DDA722BCDF41F0015C980 /* ScrollModifier.swift */; };
/* End PBXBuildFile section */

/* Begin PBXFileReference section */
		B26DDA412BCDF0640015C980 /* OrbitX.app */ = {isa = PBXFileReference; explicitFileType = wrapper.application; includeInIndex = 0; path = OrbitX.app; sourceTree = BUILT_PRODUCTS_DIR; };
		B26DDA442BCDF0640015C980 /* OrbitXApp.swift */ = {isa = PBXFileReference; lastKnownFileType = sourcecode.swift; path = OrbitXApp.swift; sourceTree = "<group>"; };
		B26DDA462BCDF0640015C980 /* ContentView.swift */ = {isa = PBXFileReference; lastKnownFileType = sourcecode.swift; path = ContentView.swift; sourceTree = "<group>"; };
		B26DDA482BCDF0660015C980 /* Assets.xcassets */ = {isa = PBXFileReference; lastKnownFileType = folder.assetcatalog; path = Assets.xcassets; sourceTree = "<group>"; };
		B26DDA4B2BCDF0660015C980 /* Preview Assets.xcassets */ = {isa = PBXFileReference; lastKnownFileType = folder.assetcatalog; path = "Preview Assets.xcassets"; sourceTree = "<group>"; };
		B26DDA532BCDF0750015C980 /* Home.swift */ = {isa = PBXFileReference; lastKnownFileType = sourcecode.swift; path = Home.swift; sourceTree = "<group>"; };
		B26DDA582BCDF0D60015C980 /* ArticlesDataService.swift */ = {isa = PBXFileReference; fileEncoding = 4; lastKnownFileType = sourcecode.swift; path = ArticlesDataService.swift; sourceTree = "<group>"; };
		B26DDA5A2BCDF0E10015C980 /* ArticlesDataModel.swift */ = {isa = PBXFileReference; fileEncoding = 4; lastKnownFileType = sourcecode.swift; path = ArticlesDataModel.swift; sourceTree = "<group>"; };
		B26DDA5C2BCDF1020015C980 /* ArticlesViewModel.swift */ = {isa = PBXFileReference; fileEncoding = 4; lastKnownFileType = sourcecode.swift; path = ArticlesViewModel.swift; sourceTree = "<group>"; };
		B26DDA5F2BCDF1310015C980 /* NewsView.swift */ = {isa = PBXFileReference; lastKnownFileType = sourcecode.swift; path = NewsView.swift; sourceTree = "<group>"; };
		B26DDA612BCDF14A0015C980 /* DetailsView.swift */ = {isa = PBXFileReference; lastKnownFileType = sourcecode.swift; path = DetailsView.swift; sourceTree = "<group>"; };
		B26DDA632BCDF1580015C980 /* HeadlineImage.swift */ = {isa = PBXFileReference; lastKnownFileType = sourcecode.swift; path = HeadlineImage.swift; sourceTree = "<group>"; };
		B26DDA692BCDF1D10015C980 /* NetworkManager.swift */ = {isa = PBXFileReference; lastKnownFileType = sourcecode.swift; path = NetworkManager.swift; sourceTree = "<group>"; };
		B26DDA6B2BCDF1E20015C980 /* TimeConverter.swift */ = {isa = PBXFileReference; lastKnownFileType = sourcecode.swift; path = TimeConverter.swift; sourceTree = "<group>"; };
		B26DDA6E2BCDF3F50015C980 /* AnimationState.swift */ = {isa = PBXFileReference; lastKnownFileType = sourcecode.swift; path = AnimationState.swift; sourceTree = "<group>"; };
		B26DDA702BCDF4030015C980 /* AnimatedSideBar.swift */ = {isa = PBXFileReference; lastKnownFileType = sourcecode.swift; path = AnimatedSideBar.swift; sourceTree = "<group>"; };
		B26DDA722BCDF41F0015C980 /* ScrollModifier.swift */ = {isa = PBXFileReference; lastKnownFileType = sourcecode.swift; path = ScrollModifier.swift; sourceTree = "<group>"; };
/* End PBXFileReference section */

/* Begin PBXFrameworksBuildPhase section */
		B26DDA3E2BCDF0640015C980 /* Frameworks */ = {
			isa = PBXFrameworksBuildPhase;
			buildActionMask = 2147483647;
			files = (
				B26DDA672BCDF1720015C980 /* SDWebImageSwiftUI in Frameworks */,
			);
			runOnlyForDeploymentPostprocessing = 0;
		};
/* End PBXFrameworksBuildPhase section */

/* Begin PBXGroup section */
		B26DDA382BCDF0640015C980 = {
			isa = PBXGroup;
			children = (
				B26DDA432BCDF0640015C980 /* OrbitX */,
				B26DDA422BCDF0640015C980 /* Products */,
			);
			sourceTree = "<group>";
		};
		B26DDA422BCDF0640015C980 /* Products */ = {
			isa = PBXGroup;
			children = (
				B26DDA412BCDF0640015C980 /* OrbitX.app */,
			);
			name = Products;
			sourceTree = "<group>";
		};
		B26DDA432BCDF0640015C980 /* OrbitX */ = {
			isa = PBXGroup;
			children = (
				B26DDA6D2BCDF3E90015C980 /* Extensions */,
				B26DDA682BCDF1C90015C980 /* Managers */,
				B26DDA552BCDF0780015C980 /* DataService */,
				B26DDA562BCDF07E0015C980 /* Model */,
				B26DDA522BCDF06B0015C980 /* Views */,
				B26DDA572BCDF0820015C980 /* ViewModel */,
				B26DDA442BCDF0640015C980 /* OrbitXApp.swift */,
				B26DDA462BCDF0640015C980 /* ContentView.swift */,
				B26DDA482BCDF0660015C980 /* Assets.xcassets */,
				B26DDA4A2BCDF0660015C980 /* Preview Content */,
			);
			path = OrbitX;
			sourceTree = "<group>";
		};
		B26DDA4A2BCDF0660015C980 /* Preview Content */ = {
			isa = PBXGroup;
			children = (
				B26DDA4B2BCDF0660015C980 /* Preview Assets.xcassets */,
			);
			path = "Preview Content";
			sourceTree = "<group>";
		};
		B26DDA522BCDF06B0015C980 /* Views */ = {
			isa = PBXGroup;
			children = (
				B26DDA752BCDFF1E0015C980 /* OnBoarding */,
				B26DDA742BCDFF180015C980 /* SplashScreen */,
				B26DDA5E2BCDF1270015C980 /* Home */,
			);
			path = Views;
			sourceTree = "<group>";
		};
		B26DDA552BCDF0780015C980 /* DataService */ = {
			isa = PBXGroup;
			children = (
				B26DDA582BCDF0D60015C980 /* ArticlesDataService.swift */,
			);
			path = DataService;
			sourceTree = "<group>";
		};
		B26DDA562BCDF07E0015C980 /* Model */ = {
			isa = PBXGroup;
			children = (
				B26DDA5A2BCDF0E10015C980 /* ArticlesDataModel.swift */,
			);
			path = Model;
			sourceTree = "<group>";
		};
		B26DDA572BCDF0820015C980 /* ViewModel */ = {
			isa = PBXGroup;
			children = (
				B26DDA5C2BCDF1020015C980 /* ArticlesViewModel.swift */,
			);
			path = ViewModel;
			sourceTree = "<group>";
		};
		B26DDA5E2BCDF1270015C980 /* Home */ = {
			isa = PBXGroup;
			children = (
				B26DDA532BCDF0750015C980 /* Home.swift */,
				B26DDA5F2BCDF1310015C980 /* NewsView.swift */,
				B26DDA612BCDF14A0015C980 /* DetailsView.swift */,
				B26DDA632BCDF1580015C980 /* HeadlineImage.swift */,
			);
			path = Home;
			sourceTree = "<group>";
		};
		B26DDA682BCDF1C90015C980 /* Managers */ = {
			isa = PBXGroup;
			children = (
				B26DDA692BCDF1D10015C980 /* NetworkManager.swift */,
				B26DDA6B2BCDF1E20015C980 /* TimeConverter.swift */,
			);
			path = Managers;
			sourceTree = "<group>";
		};
		B26DDA6D2BCDF3E90015C980 /* Extensions */ = {
			isa = PBXGroup;
			children = (
				B26DDA6E2BCDF3F50015C980 /* AnimationState.swift */,
				B26DDA702BCDF4030015C980 /* AnimatedSideBar.swift */,
				B26DDA722BCDF41F0015C980 /* ScrollModifier.swift */,
			);
			path = Extensions;
			sourceTree = "<group>";
		};
		B26DDA742BCDFF180015C980 /* SplashScreen */ = {
			isa = PBXGroup;
			children = (
			);
			path = SplashScreen;
			sourceTree = "<group>";
		};
		B26DDA752BCDFF1E0015C980 /* OnBoarding */ = {
			isa = PBXGroup;
			children = (
			);
			path = OnBoarding;
			sourceTree = "<group>";
		};
/* End PBXGroup section */

/* Begin PBXNativeTarget section */
		B26DDA402BCDF0640015C980 /* OrbitX */ = {
			isa = PBXNativeTarget;
			buildConfigurationList = B26DDA4F2BCDF0660015C980 /* Build configuration list for PBXNativeTarget "OrbitX" */;
			buildPhases = (
				B26DDA3D2BCDF0640015C980 /* Sources */,
				B26DDA3E2BCDF0640015C980 /* Frameworks */,
				B26DDA3F2BCDF0640015C980 /* Resources */,
			);
			buildRules = (
			);
			dependencies = (
			);
			name = OrbitX;
			packageProductDependencies = (
				B26DDA662BCDF1720015C980 /* SDWebImageSwiftUI */,
			);
			productName = OrbitX;
			productReference = B26DDA412BCDF0640015C980 /* OrbitX.app */;
			productType = "com.apple.product-type.application";
		};
/* End PBXNativeTarget section */

/* Begin PBXProject section */
		B26DDA392BCDF0640015C980 /* Project object */ = {
			isa = PBXProject;
			attributes = {
				BuildIndependentTargetsInParallel = 1;
				LastSwiftUpdateCheck = 1530;
				LastUpgradeCheck = 1530;
				TargetAttributes = {
					B26DDA402BCDF0640015C980 = {
						CreatedOnToolsVersion = 15.3;
					};
				};
			};
			buildConfigurationList = B26DDA3C2BCDF0640015C980 /* Build configuration list for PBXProject "OrbitX" */;
			compatibilityVersion = "Xcode 14.0";
			developmentRegion = en;
			hasScannedForEncodings = 0;
			knownRegions = (
				en,
				Base,
			);
			mainGroup = B26DDA382BCDF0640015C980;
			packageReferences = (
				B26DDA652BCDF1720015C980 /* XCRemoteSwiftPackageReference "SDWebImageSwiftUI" */,
			);
			productRefGroup = B26DDA422BCDF0640015C980 /* Products */;
			projectDirPath = "";
			projectRoot = "";
			targets = (
				B26DDA402BCDF0640015C980 /* OrbitX */,
			);
		};
/* End PBXProject section */

/* Begin PBXResourcesBuildPhase section */
		B26DDA3F2BCDF0640015C980 /* Resources */ = {
			isa = PBXResourcesBuildPhase;
			buildActionMask = 2147483647;
			files = (
				B26DDA4C2BCDF0660015C980 /* Preview Assets.xcassets in Resources */,
				B26DDA492BCDF0660015C980 /* Assets.xcassets in Resources */,
			);
			runOnlyForDeploymentPostprocessing = 0;
		};
/* End PBXResourcesBuildPhase section */

/* Begin PBXSourcesBuildPhase section */
		B26DDA3D2BCDF0640015C980 /* Sources */ = {
			isa = PBXSourcesBuildPhase;
			buildActionMask = 2147483647;
			files = (
				B26DDA6F2BCDF3F50015C980 /* AnimationState.swift in Sources */,
				B26DDA472BCDF0640015C980 /* ContentView.swift in Sources */,
				B26DDA542BCDF0750015C980 /* Home.swift in Sources */,
				B26DDA6A2BCDF1D10015C980 /* NetworkManager.swift in Sources */,
				B26DDA592BCDF0D60015C980 /* ArticlesDataService.swift in Sources */,
				B26DDA732BCDF41F0015C980 /* ScrollModifier.swift in Sources */,
				B26DDA602BCDF1310015C980 /* NewsView.swift in Sources */,
				B26DDA6C2BCDF1E20015C980 /* TimeConverter.swift in Sources */,
				B26DDA5B2BCDF0E10015C980 /* ArticlesDataModel.swift in Sources */,
				B26DDA622BCDF14A0015C980 /* DetailsView.swift in Sources */,
				B26DDA642BCDF1580015C980 /* HeadlineImage.swift in Sources */,
				B26DDA452BCDF0640015C980 /* OrbitXApp.swift in Sources */,
				B26DDA5D2BCDF1020015C980 /* ArticlesViewModel.swift in Sources */,
				B26DDA712BCDF4030015C980 /* AnimatedSideBar.swift in Sources */,
			);
			runOnlyForDeploymentPostprocessing = 0;
		};
/* End PBXSourcesBuildPhase section */

/* Begin XCBuildConfiguration section */
		B26DDA4D2BCDF0660015C980 /* Debug */ = {
			isa = XCBuildConfiguration;
			buildSettings = {
				ALWAYS_SEARCH_USER_PATHS = NO;
				ASSETCATALOG_COMPILER_GENERATE_SWIFT_ASSET_SYMBOL_EXTENSIONS = YES;
				CLANG_ANALYZER_NONNULL = YES;
				CLANG_ANALYZER_NUMBER_OBJECT_CONVERSION = YES_AGGRESSIVE;
				CLANG_CXX_LANGUAGE_STANDARD = "gnu++20";
				CLANG_ENABLE_MODULES = YES;
				CLANG_ENABLE_OBJC_ARC = YES;
				CLANG_ENABLE_OBJC_WEAK = YES;
				CLANG_WARN_BLOCK_CAPTURE_AUTORELEASING = YES;
				CLANG_WARN_BOOL_CONVERSION = YES;
				CLANG_WARN_COMMA = YES;
				CLANG_WARN_CONSTANT_CONVERSION = YES;
				CLANG_WARN_DEPRECATED_OBJC_IMPLEMENTATIONS = YES;
				CLANG_WARN_DIRECT_OBJC_ISA_USAGE = YES_ERROR;
				CLANG_WARN_DOCUMENTATION_COMMENTS = YES;
				CLANG_WARN_EMPTY_BODY = YES;
				CLANG_WARN_ENUM_CONVERSION = YES;
				CLANG_WARN_INFINITE_RECURSION = YES;
				CLANG_WARN_INT_CONVERSION = YES;
				CLANG_WARN_NON_LITERAL_NULL_CONVERSION = YES;
				CLANG_WARN_OBJC_IMPLICIT_RETAIN_SELF = YES;
				CLANG_WARN_OBJC_LITERAL_CONVERSION = YES;
				CLANG_WARN_OBJC_ROOT_CLASS = YES_ERROR;
				CLANG_WARN_QUOTED_INCLUDE_IN_FRAMEWORK_HEADER = YES;
				CLANG_WARN_RANGE_LOOP_ANALYSIS = YES;
				CLANG_WARN_STRICT_PROTOTYPES = YES;
				CLANG_WARN_SUSPICIOUS_MOVE = YES;
				CLANG_WARN_UNGUARDED_AVAILABILITY = YES_AGGRESSIVE;
				CLANG_WARN_UNREACHABLE_CODE = YES;
				CLANG_WARN__DUPLICATE_METHOD_MATCH = YES;
				COPY_PHASE_STRIP = NO;
				DEBUG_INFORMATION_FORMAT = dwarf;
				ENABLE_STRICT_OBJC_MSGSEND = YES;
				ENABLE_TESTABILITY = YES;
				ENABLE_USER_SCRIPT_SANDBOXING = YES;
				GCC_C_LANGUAGE_STANDARD = gnu17;
				GCC_DYNAMIC_NO_PIC = NO;
				GCC_NO_COMMON_BLOCKS = YES;
				GCC_OPTIMIZATION_LEVEL = 0;
				GCC_PREPROCESSOR_DEFINITIONS = (
					"DEBUG=1",
					"$(inherited)",
				);
				GCC_WARN_64_TO_32_BIT_CONVERSION = YES;
				GCC_WARN_ABOUT_RETURN_TYPE = YES_ERROR;
				GCC_WARN_UNDECLARED_SELECTOR = YES;
				GCC_WARN_UNINITIALIZED_AUTOS = YES_AGGRESSIVE;
				GCC_WARN_UNUSED_FUNCTION = YES;
				GCC_WARN_UNUSED_VARIABLE = YES;
				IPHONEOS_DEPLOYMENT_TARGET = 17.4;
				LOCALIZATION_PREFERS_STRING_CATALOGS = YES;
				MTL_ENABLE_DEBUG_INFO = INCLUDE_SOURCE;
				MTL_FAST_MATH = YES;
				ONLY_ACTIVE_ARCH = YES;
				SDKROOT = iphoneos;
				SWIFT_ACTIVE_COMPILATION_CONDITIONS = "DEBUG $(inherited)";
				SWIFT_OPTIMIZATION_LEVEL = "-Onone";
			};
			name = Debug;
		};
		B26DDA4E2BCDF0660015C980 /* Release */ = {
			isa = XCBuildConfiguration;
			buildSettings = {
				ALWAYS_SEARCH_USER_PATHS = NO;
				ASSETCATALOG_COMPILER_GENERATE_SWIFT_ASSET_SYMBOL_EXTENSIONS = YES;
				CLANG_ANALYZER_NONNULL = YES;
				CLANG_ANALYZER_NUMBER_OBJECT_CONVERSION = YES_AGGRESSIVE;
				CLANG_CXX_LANGUAGE_STANDARD = "gnu++20";
				CLANG_ENABLE_MODULES = YES;
				CLANG_ENABLE_OBJC_ARC = YES;
				CLANG_ENABLE_OBJC_WEAK = YES;
				CLANG_WARN_BLOCK_CAPTURE_AUTORELEASING = YES;
				CLANG_WARN_BOOL_CONVERSION = YES;
				CLANG_WARN_COMMA = YES;
				CLANG_WARN_CONSTANT_CONVERSION = YES;
				CLANG_WARN_DEPRECATED_OBJC_IMPLEMENTATIONS = YES;
				CLANG_WARN_DIRECT_OBJC_ISA_USAGE = YES_ERROR;
				CLANG_WARN_DOCUMENTATION_COMMENTS = YES;
				CLANG_WARN_EMPTY_BODY = YES;
				CLANG_WARN_ENUM_CONVERSION = YES;
				CLANG_WARN_INFINITE_RECURSION = YES;
				CLANG_WARN_INT_CONVERSION = YES;
				CLANG_WARN_NON_LITERAL_NULL_CONVERSION = YES;
				CLANG_WARN_OBJC_IMPLICIT_RETAIN_SELF = YES;
				CLANG_WARN_OBJC_LITERAL_CONVERSION = YES;
				CLANG_WARN_OBJC_ROOT_CLASS = YES_ERROR;
				CLANG_WARN_QUOTED_INCLUDE_IN_FRAMEWORK_HEADER = YES;
				CLANG_WARN_RANGE_LOOP_ANALYSIS = YES;
				CLANG_WARN_STRICT_PROTOTYPES = YES;
				CLANG_WARN_SUSPICIOUS_MOVE = YES;
				CLANG_WARN_UNGUARDED_AVAILABILITY = YES_AGGRESSIVE;
				CLANG_WARN_UNREACHABLE_CODE = YES;
				CLANG_WARN__DUPLICATE_METHOD_MATCH = YES;
				COPY_PHASE_STRIP = NO;
				DEBUG_INFORMATION_FORMAT = "dwarf-with-dsym";
				ENABLE_NS_ASSERTIONS = NO;
				ENABLE_STRICT_OBJC_MSGSEND = YES;
				ENABLE_USER_SCRIPT_SANDBOXING = YES;
				GCC_C_LANGUAGE_STANDARD = gnu17;
				GCC_NO_COMMON_BLOCKS = YES;
				GCC_WARN_64_TO_32_BIT_CONVERSION = YES;
				GCC_WARN_ABOUT_RETURN_TYPE = YES_ERROR;
				GCC_WARN_UNDECLARED_SELECTOR = YES;
				GCC_WARN_UNINITIALIZED_AUTOS = YES_AGGRESSIVE;
				GCC_WARN_UNUSED_FUNCTION = YES;
				GCC_WARN_UNUSED_VARIABLE = YES;
				IPHONEOS_DEPLOYMENT_TARGET = 17.4;
				LOCALIZATION_PREFERS_STRING_CATALOGS = YES;
				MTL_ENABLE_DEBUG_INFO = NO;
				MTL_FAST_MATH = YES;
				SDKROOT = iphoneos;
				SWIFT_COMPILATION_MODE = wholemodule;
				VALIDATE_PRODUCT = YES;
			};
			name = Release;
		};
		B26DDA502BCDF0660015C980 /* Debug */ = {
			isa = XCBuildConfiguration;
			buildSettings = {
				ASSETCATALOG_COMPILER_APPICON_NAME = AppIcon;
				ASSETCATALOG_COMPILER_GLOBAL_ACCENT_COLOR_NAME = AccentColor;
				CODE_SIGN_STYLE = Automatic;
				CURRENT_PROJECT_VERSION = 1;
				DEVELOPMENT_ASSET_PATHS = "\"OrbitX/Preview Content\"";
				DEVELOPMENT_TEAM = MSH7F4HQB8;
				ENABLE_PREVIEWS = YES;
				GENERATE_INFOPLIST_FILE = YES;
				INFOPLIST_KEY_UIApplicationSceneManifest_Generation = YES;
				INFOPLIST_KEY_UIApplicationSupportsIndirectInputEvents = YES;
				INFOPLIST_KEY_UILaunchScreen_Generation = YES;
				INFOPLIST_KEY_UISupportedInterfaceOrientations_iPad = "UIInterfaceOrientationPortrait UIInterfaceOrientationPortraitUpsideDown UIInterfaceOrientationLandscapeLeft UIInterfaceOrientationLandscapeRight";
				INFOPLIST_KEY_UISupportedInterfaceOrientations_iPhone = "UIInterfaceOrientationPortrait UIInterfaceOrientationLandscapeLeft UIInterfaceOrientationLandscapeRight";
				LD_RUNPATH_SEARCH_PATHS = (
					"$(inherited)",
					"@executable_path/Frameworks",
				);
				MARKETING_VERSION = 1.0;
				PRODUCT_BUNDLE_IDENTIFIER = com.aakashbondwal.OrbitX;
				PRODUCT_NAME = "$(TARGET_NAME)";
				SWIFT_EMIT_LOC_STRINGS = YES;
				SWIFT_VERSION = 5.0;
				TARGETED_DEVICE_FAMILY = "1,2";
			};
			name = Debug;
		};
		B26DDA512BCDF0660015C980 /* Release */ = {
			isa = XCBuildConfiguration;
			buildSettings = {
				ASSETCATALOG_COMPILER_APPICON_NAME = AppIcon;
				ASSETCATALOG_COMPILER_GLOBAL_ACCENT_COLOR_NAME = AccentColor;
				CODE_SIGN_STYLE = Automatic;
				CURRENT_PROJECT_VERSION = 1;
				DEVELOPMENT_ASSET_PATHS = "\"OrbitX/Preview Content\"";
				DEVELOPMENT_TEAM = MSH7F4HQB8;
				ENABLE_PREVIEWS = YES;
				GENERATE_INFOPLIST_FILE = YES;
				INFOPLIST_KEY_UIApplicationSceneManifest_Generation = YES;
				INFOPLIST_KEY_UIApplicationSupportsIndirectInputEvents = YES;
				INFOPLIST_KEY_UILaunchScreen_Generation = YES;
				INFOPLIST_KEY_UISupportedInterfaceOrientations_iPad = "UIInterfaceOrientationPortrait UIInterfaceOrientationPortraitUpsideDown UIInterfaceOrientationLandscapeLeft UIInterfaceOrientationLandscapeRight";
				INFOPLIST_KEY_UISupportedInterfaceOrientations_iPhone = "UIInterfaceOrientationPortrait UIInterfaceOrientationLandscapeLeft UIInterfaceOrientationLandscapeRight";
				LD_RUNPATH_SEARCH_PATHS = (
					"$(inherited)",
					"@executable_path/Frameworks",
				);
				MARKETING_VERSION = 1.0;
				PRODUCT_BUNDLE_IDENTIFIER = com.aakashbondwal.OrbitX;
				PRODUCT_NAME = "$(TARGET_NAME)";
				SWIFT_EMIT_LOC_STRINGS = YES;
				SWIFT_VERSION = 5.0;
				TARGETED_DEVICE_FAMILY = "1,2";
			};
			name = Release;
		};
/* End XCBuildConfiguration section */

/* Begin XCConfigurationList section */
		B26DDA3C2BCDF0640015C980 /* Build configuration list for PBXProject "OrbitX" */ = {
			isa = XCConfigurationList;
			buildConfigurations = (
				B26DDA4D2BCDF0660015C980 /* Debug */,
				B26DDA4E2BCDF0660015C980 /* Release */,
			);
			defaultConfigurationIsVisible = 0;
			defaultConfigurationName = Release;
		};
		B26DDA4F2BCDF0660015C980 /* Build configuration list for PBXNativeTarget "OrbitX" */ = {
			isa = XCConfigurationList;
			buildConfigurations = (
				B26DDA502BCDF0660015C980 /* Debug */,
				B26DDA512BCDF0660015C980 /* Release */,
			);
			defaultConfigurationIsVisible = 0;
			defaultConfigurationName = Release;
		};
/* End XCConfigurationList section */

/* Begin XCRemoteSwiftPackageReference section */
		B26DDA652BCDF1720015C980 /* XCRemoteSwiftPackageReference "SDWebImageSwiftUI" */ = {
			isa = XCRemoteSwiftPackageReference;
			repositoryURL = "https://github.com/SDWebImage/SDWebImageSwiftUI.git";
			requirement = {
				kind = upToNextMajorVersion;
				minimumVersion = 3.0.2;
			};
		};
/* End XCRemoteSwiftPackageReference section */

/* Begin XCSwiftPackageProductDependency section */
		B26DDA662BCDF1720015C980 /* SDWebImageSwiftUI */ = {
			isa = XCSwiftPackageProductDependency;
			package = B26DDA652BCDF1720015C980 /* XCRemoteSwiftPackageReference "SDWebImageSwiftUI" */;
			productName = SDWebImageSwiftUI;
		};
/* End XCSwiftPackageProductDependency section */
	};
	rootObject = B26DDA392BCDF0640015C980 /* Project object */;
}
